// !$*UTF8*$!
{
	archiveVersion = 1;
	classes = {
	};
	objectVersion = 55;
	objects = {

/* Begin PBXBuildFile section */
		271FBF0F29B8DB52001D0940 /* manifest.json in Resources */ = {isa = PBXBuildFile; fileRef = 271FBF0329B8DB52001D0940 /* manifest.json */; };
		271FBF1029B8DB52001D0940 /* manifest.json in Resources */ = {isa = PBXBuildFile; fileRef = 271FBF0329B8DB52001D0940 /* manifest.json */; };
		271FBF1129B8DB52001D0940 /* manifest.json in Resources */ = {isa = PBXBuildFile; fileRef = 271FBF0329B8DB52001D0940 /* manifest.json */; };
		271FBF1229B8DB52001D0940 /* manifest.json in Resources */ = {isa = PBXBuildFile; fileRef = 271FBF0329B8DB52001D0940 /* manifest.json */; };
		271FBF1329B8DB52001D0940 /* components in Resources */ = {isa = PBXBuildFile; fileRef = 271FBF0429B8DB52001D0940 /* components */; };
		271FBF1429B8DB52001D0940 /* components in Resources */ = {isa = PBXBuildFile; fileRef = 271FBF0429B8DB52001D0940 /* components */; };
		271FBF1529B8DB52001D0940 /* components in Resources */ = {isa = PBXBuildFile; fileRef = 271FBF0429B8DB52001D0940 /* components */; };
		271FBF1629B8DB52001D0940 /* components in Resources */ = {isa = PBXBuildFile; fileRef = 271FBF0429B8DB52001D0940 /* components */; };
		271FBF1729B8DB52001D0940 /* 472.js in Resources */ = {isa = PBXBuildFile; fileRef = 271FBF0529B8DB52001D0940 /* 472.js */; };
		271FBF1829B8DB52001D0940 /* 472.js in Resources */ = {isa = PBXBuildFile; fileRef = 271FBF0529B8DB52001D0940 /* 472.js */; };
		271FBF1929B8DB52001D0940 /* 472.js in Resources */ = {isa = PBXBuildFile; fileRef = 271FBF0529B8DB52001D0940 /* 472.js */; };
		271FBF1A29B8DB52001D0940 /* 472.js in Resources */ = {isa = PBXBuildFile; fileRef = 271FBF0529B8DB52001D0940 /* 472.js */; };
		271FBF1B29B8DB52001D0940 /* bundles in Resources */ = {isa = PBXBuildFile; fileRef = 271FBF0629B8DB52001D0940 /* bundles */; };
		271FBF1C29B8DB52001D0940 /* bundles in Resources */ = {isa = PBXBuildFile; fileRef = 271FBF0629B8DB52001D0940 /* bundles */; };
		271FBF1D29B8DB52001D0940 /* bundles in Resources */ = {isa = PBXBuildFile; fileRef = 271FBF0629B8DB52001D0940 /* bundles */; };
		271FBF1E29B8DB52001D0940 /* bundles in Resources */ = {isa = PBXBuildFile; fileRef = 271FBF0629B8DB52001D0940 /* bundles */; };
		271FBF1F29B8DB52001D0940 /* index.min.js in Resources */ = {isa = PBXBuildFile; fileRef = 271FBF0729B8DB52001D0940 /* index.min.js */; };
		271FBF2029B8DB52001D0940 /* index.min.js in Resources */ = {isa = PBXBuildFile; fileRef = 271FBF0729B8DB52001D0940 /* index.min.js */; };
		271FBF2129B8DB52001D0940 /* index.min.js in Resources */ = {isa = PBXBuildFile; fileRef = 271FBF0729B8DB52001D0940 /* index.min.js */; };
		271FBF2229B8DB52001D0940 /* index.min.js in Resources */ = {isa = PBXBuildFile; fileRef = 271FBF0729B8DB52001D0940 /* index.min.js */; };
		271FBF2329B8DB52001D0940 /* page.js in Resources */ = {isa = PBXBuildFile; fileRef = 271FBF0829B8DB52001D0940 /* page.js */; };
		271FBF2429B8DB52001D0940 /* page.js in Resources */ = {isa = PBXBuildFile; fileRef = 271FBF0829B8DB52001D0940 /* page.js */; };
		271FBF2529B8DB52001D0940 /* page.js in Resources */ = {isa = PBXBuildFile; fileRef = 271FBF0829B8DB52001D0940 /* page.js */; };
		271FBF2629B8DB52001D0940 /* page.js in Resources */ = {isa = PBXBuildFile; fileRef = 271FBF0829B8DB52001D0940 /* page.js */; };
		271FBF2729B8DB52001D0940 /* background.js in Resources */ = {isa = PBXBuildFile; fileRef = 271FBF0929B8DB52001D0940 /* background.js */; };
		271FBF2829B8DB52001D0940 /* background.js in Resources */ = {isa = PBXBuildFile; fileRef = 271FBF0929B8DB52001D0940 /* background.js */; };
		271FBF2929B8DB52001D0940 /* background.js in Resources */ = {isa = PBXBuildFile; fileRef = 271FBF0929B8DB52001D0940 /* background.js */; };
		271FBF2A29B8DB52001D0940 /* background.js in Resources */ = {isa = PBXBuildFile; fileRef = 271FBF0929B8DB52001D0940 /* background.js */; };
		271FBF2B29B8DB52001D0940 /* content.js in Resources */ = {isa = PBXBuildFile; fileRef = 271FBF0A29B8DB52001D0940 /* content.js */; };
		271FBF2C29B8DB52001D0940 /* content.js in Resources */ = {isa = PBXBuildFile; fileRef = 271FBF0A29B8DB52001D0940 /* content.js */; };
		271FBF2D29B8DB52001D0940 /* content.js in Resources */ = {isa = PBXBuildFile; fileRef = 271FBF0A29B8DB52001D0940 /* content.js */; };
		271FBF2E29B8DB52001D0940 /* content.js in Resources */ = {isa = PBXBuildFile; fileRef = 271FBF0A29B8DB52001D0940 /* content.js */; };
		271FBF2F29B8DB52001D0940 /* extension.css in Resources */ = {isa = PBXBuildFile; fileRef = 271FBF0B29B8DB52001D0940 /* extension.css */; };
		271FBF3029B8DB52001D0940 /* extension.css in Resources */ = {isa = PBXBuildFile; fileRef = 271FBF0B29B8DB52001D0940 /* extension.css */; };
		271FBF3129B8DB52001D0940 /* extension.css in Resources */ = {isa = PBXBuildFile; fileRef = 271FBF0B29B8DB52001D0940 /* extension.css */; };
		271FBF3229B8DB52001D0940 /* extension.css in Resources */ = {isa = PBXBuildFile; fileRef = 271FBF0B29B8DB52001D0940 /* extension.css */; };
		271FBF3329B8DB52001D0940 /* extension.js in Resources */ = {isa = PBXBuildFile; fileRef = 271FBF0C29B8DB52001D0940 /* extension.js */; };
		271FBF3429B8DB52001D0940 /* extension.js in Resources */ = {isa = PBXBuildFile; fileRef = 271FBF0C29B8DB52001D0940 /* extension.js */; };
		271FBF3529B8DB52001D0940 /* extension.js in Resources */ = {isa = PBXBuildFile; fileRef = 271FBF0C29B8DB52001D0940 /* extension.js */; };
		271FBF3629B8DB52001D0940 /* extension.js in Resources */ = {isa = PBXBuildFile; fileRef = 271FBF0C29B8DB52001D0940 /* extension.js */; };
		271FBF3729B8DB52001D0940 /* assets in Resources */ = {isa = PBXBuildFile; fileRef = 271FBF0D29B8DB52001D0940 /* assets */; };
		271FBF3829B8DB52001D0940 /* assets in Resources */ = {isa = PBXBuildFile; fileRef = 271FBF0D29B8DB52001D0940 /* assets */; };
		271FBF3929B8DB52001D0940 /* assets in Resources */ = {isa = PBXBuildFile; fileRef = 271FBF0D29B8DB52001D0940 /* assets */; };
		271FBF3A29B8DB52001D0940 /* assets in Resources */ = {isa = PBXBuildFile; fileRef = 271FBF0D29B8DB52001D0940 /* assets */; };
		271FBF3B29B8DB52001D0940 /* index.html in Resources */ = {isa = PBXBuildFile; fileRef = 271FBF0E29B8DB52001D0940 /* index.html */; };
		271FBF3C29B8DB52001D0940 /* index.html in Resources */ = {isa = PBXBuildFile; fileRef = 271FBF0E29B8DB52001D0940 /* index.html */; };
		271FBF3D29B8DB52001D0940 /* index.html in Resources */ = {isa = PBXBuildFile; fileRef = 271FBF0E29B8DB52001D0940 /* index.html */; };
		271FBF3E29B8DB52001D0940 /* index.html in Resources */ = {isa = PBXBuildFile; fileRef = 271FBF0E29B8DB52001D0940 /* index.html */; };
		8E77E4422875495C0020A55D /* icon.png in Resources */ = {isa = PBXBuildFile; fileRef = 8E77E4412875495C0020A55D /* icon.png */; };
		8E77E4432875495C0020A55D /* icon.png in Resources */ = {isa = PBXBuildFile; fileRef = 8E77E4412875495C0020A55D /* icon.png */; };
		8E77E4442875495C0020A55D /* icon.png in Resources */ = {isa = PBXBuildFile; fileRef = 8E77E4412875495C0020A55D /* icon.png */; };
		8E77E4452875495C0020A55D /* icon.png in Resources */ = {isa = PBXBuildFile; fileRef = 8E77E4412875495C0020A55D /* icon.png */; };
		8E77E44728754AA80020A55D /* icons in Resources */ = {isa = PBXBuildFile; fileRef = 8E77E44628754AA80020A55D /* icons */; };
		8E77E44828754AA80020A55D /* icons in Resources */ = {isa = PBXBuildFile; fileRef = 8E77E44628754AA80020A55D /* icons */; };
		8E77E44928754AA80020A55D /* icons in Resources */ = {isa = PBXBuildFile; fileRef = 8E77E44628754AA80020A55D /* icons */; };
		8E77E44A28754AA80020A55D /* icons in Resources */ = {isa = PBXBuildFile; fileRef = 8E77E44628754AA80020A55D /* icons */; };
		8E8684472872B3500037E6C9 /* AppDelegate.swift in Sources */ = {isa = PBXBuildFile; fileRef = 8E8684462872B3500037E6C9 /* AppDelegate.swift */; };
		8E8684492872B3500037E6C9 /* SceneDelegate.swift in Sources */ = {isa = PBXBuildFile; fileRef = 8E8684482872B3500037E6C9 /* SceneDelegate.swift */; };
		8E86844C2872B3500037E6C9 /* LaunchScreen.storyboard in Resources */ = {isa = PBXBuildFile; fileRef = 8E86844A2872B3500037E6C9 /* LaunchScreen.storyboard */; };
		8E86844F2872B3500037E6C9 /* Main.storyboard in Resources */ = {isa = PBXBuildFile; fileRef = 8E86844D2872B3500037E6C9 /* Main.storyboard */; };
		8E8684582872B3500037E6C9 /* AppDelegate.swift in Sources */ = {isa = PBXBuildFile; fileRef = 8E8684572872B3500037E6C9 /* AppDelegate.swift */; };
		8E86845B2872B3500037E6C9 /* Main.storyboard in Resources */ = {isa = PBXBuildFile; fileRef = 8E8684592872B3500037E6C9 /* Main.storyboard */; };
		8E8684632872B3500037E6C9 /* BitgreenWallet Extension.appex in Embed App Extensions */ = {isa = PBXBuildFile; fileRef = 8E8684622872B3500037E6C9 /* BitgreenWallet Extension.appex */; settings = {ATTRIBUTES = (RemoveHeadersOnCopy, ); }; };
		8E86846D2872B3500037E6C9 /* BitgreenWallet Extension.appex in Embed App Extensions */ = {isa = PBXBuildFile; fileRef = 8E86846C2872B3500037E6C9 /* BitgreenWallet Extension.appex */; settings = {ATTRIBUTES = (RemoveHeadersOnCopy, ); }; };
		8E8684732872B3500037E6C9 /* Main.html in Resources */ = {isa = PBXBuildFile; fileRef = 8E8684362872B34D0037E6C9 /* Main.html */; };
		8E8684742872B3500037E6C9 /* Main.html in Resources */ = {isa = PBXBuildFile; fileRef = 8E8684362872B34D0037E6C9 /* Main.html */; };
		8E8684752872B3500037E6C9 /* Icon.png in Resources */ = {isa = PBXBuildFile; fileRef = 8E8684382872B34D0037E6C9 /* Icon.png */; };
		8E8684762872B3500037E6C9 /* Icon.png in Resources */ = {isa = PBXBuildFile; fileRef = 8E8684382872B34D0037E6C9 /* Icon.png */; };
		8E8684772872B3500037E6C9 /* Style.css in Resources */ = {isa = PBXBuildFile; fileRef = 8E8684392872B34D0037E6C9 /* Style.css */; };
		8E8684782872B3500037E6C9 /* Style.css in Resources */ = {isa = PBXBuildFile; fileRef = 8E8684392872B34D0037E6C9 /* Style.css */; };
		8E8684792872B3500037E6C9 /* Script.js in Resources */ = {isa = PBXBuildFile; fileRef = 8E86843A2872B34D0037E6C9 /* Script.js */; };
		8E86847A2872B3500037E6C9 /* Script.js in Resources */ = {isa = PBXBuildFile; fileRef = 8E86843A2872B34D0037E6C9 /* Script.js */; };
		8E86847B2872B3500037E6C9 /* ViewController.swift in Sources */ = {isa = PBXBuildFile; fileRef = 8E86843B2872B34D0037E6C9 /* ViewController.swift */; };
		8E86847C2872B3500037E6C9 /* ViewController.swift in Sources */ = {isa = PBXBuildFile; fileRef = 8E86843B2872B34D0037E6C9 /* ViewController.swift */; };
		8E86847D2872B3500037E6C9 /* Assets.xcassets in Resources */ = {isa = PBXBuildFile; fileRef = 8E86843C2872B3500037E6C9 /* Assets.xcassets */; };
		8E86847E2872B3500037E6C9 /* Assets.xcassets in Resources */ = {isa = PBXBuildFile; fileRef = 8E86843C2872B3500037E6C9 /* Assets.xcassets */; };
		8E86847F2872B3500037E6C9 /* SafariWebExtensionHandler.swift in Sources */ = {isa = PBXBuildFile; fileRef = 8E86843E2872B3500037E6C9 /* SafariWebExtensionHandler.swift */; };
		8E8684802872B3500037E6C9 /* SafariWebExtensionHandler.swift in Sources */ = {isa = PBXBuildFile; fileRef = 8E86843E2872B3500037E6C9 /* SafariWebExtensionHandler.swift */; };
/* End PBXBuildFile section */

/* Begin PBXContainerItemProxy section */
		8E8684642872B3500037E6C9 /* PBXContainerItemProxy */ = {
			isa = PBXContainerItemProxy;
			containerPortal = 8E8684302872B34D0037E6C9 /* Project object */;
			proxyType = 1;
			remoteGlobalIDString = 8E8684612872B3500037E6C9;
			remoteInfo = "BitgreenWallet Extension (iOS)";
		};
		8E86846E2872B3500037E6C9 /* PBXContainerItemProxy */ = {
			isa = PBXContainerItemProxy;
			containerPortal = 8E8684302872B34D0037E6C9 /* Project object */;
			proxyType = 1;
			remoteGlobalIDString = 8E86846B2872B3500037E6C9;
			remoteInfo = "BitgreenWallet Extension (macOS)";
		};
/* End PBXContainerItemProxy section */

/* Begin PBXCopyFilesBuildPhase section */
		8E8684862872B3500037E6C9 /* Embed App Extensions */ = {
			isa = PBXCopyFilesBuildPhase;
			buildActionMask = 2147483647;
			dstPath = "";
			dstSubfolderSpec = 13;
			files = (
				8E8684632872B3500037E6C9 /* BitgreenWallet Extension.appex in Embed App Extensions */,
			);
			name = "Embed App Extensions";
			runOnlyForDeploymentPostprocessing = 0;
		};
		8E86848D2872B3500037E6C9 /* Embed App Extensions */ = {
			isa = PBXCopyFilesBuildPhase;
			buildActionMask = 2147483647;
			dstPath = "";
			dstSubfolderSpec = 13;
			files = (
				8E86846D2872B3500037E6C9 /* BitgreenWallet Extension.appex in Embed App Extensions */,
			);
			name = "Embed App Extensions";
			runOnlyForDeploymentPostprocessing = 0;
		};
/* End PBXCopyFilesBuildPhase section */

/* Begin PBXFileReference section */
		271FBF0329B8DB52001D0940 /* manifest.json */ = {isa = PBXFileReference; fileEncoding = 4; lastKnownFileType = text.json; path = manifest.json; sourceTree = "<group>"; };
		271FBF0429B8DB52001D0940 /* components */ = {isa = PBXFileReference; lastKnownFileType = folder; path = components; sourceTree = "<group>"; };
		271FBF0529B8DB52001D0940 /* 472.js */ = {isa = PBXFileReference; fileEncoding = 4; lastKnownFileType = sourcecode.javascript; path = 472.js; sourceTree = "<group>"; };
		271FBF0629B8DB52001D0940 /* bundles */ = {isa = PBXFileReference; lastKnownFileType = folder; path = bundles; sourceTree = "<group>"; };
		271FBF0729B8DB52001D0940 /* index.min.js */ = {isa = PBXFileReference; fileEncoding = 4; lastKnownFileType = sourcecode.javascript; path = index.min.js; sourceTree = "<group>"; };
		271FBF0829B8DB52001D0940 /* page.js */ = {isa = PBXFileReference; fileEncoding = 4; lastKnownFileType = sourcecode.javascript; path = page.js; sourceTree = "<group>"; };
		271FBF0929B8DB52001D0940 /* background.js */ = {isa = PBXFileReference; fileEncoding = 4; lastKnownFileType = sourcecode.javascript; path = background.js; sourceTree = "<group>"; };
		271FBF0A29B8DB52001D0940 /* content.js */ = {isa = PBXFileReference; fileEncoding = 4; lastKnownFileType = sourcecode.javascript; path = content.js; sourceTree = "<group>"; };
		271FBF0B29B8DB52001D0940 /* extension.css */ = {isa = PBXFileReference; fileEncoding = 4; lastKnownFileType = text.css; path = extension.css; sourceTree = "<group>"; };
		271FBF0C29B8DB52001D0940 /* extension.js */ = {isa = PBXFileReference; fileEncoding = 4; lastKnownFileType = sourcecode.javascript; path = extension.js; sourceTree = "<group>"; };
		271FBF0D29B8DB52001D0940 /* assets */ = {isa = PBXFileReference; lastKnownFileType = folder; path = assets; sourceTree = "<group>"; };
		271FBF0E29B8DB52001D0940 /* index.html */ = {isa = PBXFileReference; fileEncoding = 4; lastKnownFileType = text.html; path = index.html; sourceTree = "<group>"; };
		8E77E4412875495C0020A55D /* icon.png */ = {isa = PBXFileReference; lastKnownFileType = image.png; path = icon.png; sourceTree = "<group>"; };
		8E77E44628754AA80020A55D /* icons */ = {isa = PBXFileReference; lastKnownFileType = folder; path = icons; sourceTree = "<group>"; };
		8E8684372872B34D0037E6C9 /* Base */ = {isa = PBXFileReference; lastKnownFileType = text.html; name = Base; path = ../Base.lproj/Main.html; sourceTree = "<group>"; };
		8E8684382872B34D0037E6C9 /* Icon.png */ = {isa = PBXFileReference; lastKnownFileType = image.png; path = Icon.png; sourceTree = "<group>"; };
		8E8684392872B34D0037E6C9 /* Style.css */ = {isa = PBXFileReference; lastKnownFileType = text.css; path = Style.css; sourceTree = "<group>"; };
		8E86843A2872B34D0037E6C9 /* Script.js */ = {isa = PBXFileReference; lastKnownFileType = sourcecode.javascript; path = Script.js; sourceTree = "<group>"; };
		8E86843B2872B34D0037E6C9 /* ViewController.swift */ = {isa = PBXFileReference; lastKnownFileType = sourcecode.swift; path = ViewController.swift; sourceTree = "<group>"; };
		8E86843C2872B3500037E6C9 /* Assets.xcassets */ = {isa = PBXFileReference; lastKnownFileType = folder.assetcatalog; path = Assets.xcassets; sourceTree = "<group>"; };
		8E86843E2872B3500037E6C9 /* SafariWebExtensionHandler.swift */ = {isa = PBXFileReference; lastKnownFileType = sourcecode.swift; path = SafariWebExtensionHandler.swift; sourceTree = "<group>"; };
		8E8684432872B3500037E6C9 /* BitgreenWallet.app */ = {isa = PBXFileReference; explicitFileType = wrapper.application; includeInIndex = 0; path = BitgreenWallet.app; sourceTree = BUILT_PRODUCTS_DIR; };
		8E8684462872B3500037E6C9 /* AppDelegate.swift */ = {isa = PBXFileReference; lastKnownFileType = sourcecode.swift; path = AppDelegate.swift; sourceTree = "<group>"; };
		8E8684482872B3500037E6C9 /* SceneDelegate.swift */ = {isa = PBXFileReference; lastKnownFileType = sourcecode.swift; path = SceneDelegate.swift; sourceTree = "<group>"; };
		8E86844B2872B3500037E6C9 /* Base */ = {isa = PBXFileReference; lastKnownFileType = file.storyboard; name = Base; path = Base.lproj/LaunchScreen.storyboard; sourceTree = "<group>"; };
		8E86844E2872B3500037E6C9 /* Base */ = {isa = PBXFileReference; lastKnownFileType = file.storyboard; name = Base; path = Base.lproj/Main.storyboard; sourceTree = "<group>"; };
		8E8684502872B3500037E6C9 /* Info.plist */ = {isa = PBXFileReference; lastKnownFileType = text.plist.xml; path = Info.plist; sourceTree = "<group>"; };
		8E8684552872B3500037E6C9 /* BitgreenWallet.app */ = {isa = PBXFileReference; explicitFileType = wrapper.application; includeInIndex = 0; path = BitgreenWallet.app; sourceTree = BUILT_PRODUCTS_DIR; };
		8E8684572872B3500037E6C9 /* AppDelegate.swift */ = {isa = PBXFileReference; lastKnownFileType = sourcecode.swift; path = AppDelegate.swift; sourceTree = "<group>"; };
		8E86845A2872B3500037E6C9 /* Base */ = {isa = PBXFileReference; lastKnownFileType = file.storyboard; name = Base; path = Base.lproj/Main.storyboard; sourceTree = "<group>"; };
		8E86845C2872B3500037E6C9 /* Info.plist */ = {isa = PBXFileReference; lastKnownFileType = text.plist.xml; path = Info.plist; sourceTree = "<group>"; };
		8E86845D2872B3500037E6C9 /* BitgreenWallet.entitlements */ = {isa = PBXFileReference; lastKnownFileType = text.plist.entitlements; path = BitgreenWallet.entitlements; sourceTree = "<group>"; };
		8E8684622872B3500037E6C9 /* BitgreenWallet Extension.appex */ = {isa = PBXFileReference; explicitFileType = "wrapper.app-extension"; includeInIndex = 0; path = "BitgreenWallet Extension.appex"; sourceTree = BUILT_PRODUCTS_DIR; };
		8E8684672872B3500037E6C9 /* Info.plist */ = {isa = PBXFileReference; lastKnownFileType = text.plist.xml; path = Info.plist; sourceTree = "<group>"; };
		8E86846C2872B3500037E6C9 /* BitgreenWallet Extension.appex */ = {isa = PBXFileReference; explicitFileType = "wrapper.app-extension"; includeInIndex = 0; path = "BitgreenWallet Extension.appex"; sourceTree = BUILT_PRODUCTS_DIR; };
		8E8684712872B3500037E6C9 /* Info.plist */ = {isa = PBXFileReference; lastKnownFileType = text.plist.xml; path = Info.plist; sourceTree = "<group>"; };
		8E8684722872B3500037E6C9 /* BitgreenWallet.entitlements */ = {isa = PBXFileReference; lastKnownFileType = text.plist.entitlements; path = BitgreenWallet.entitlements; sourceTree = "<group>"; };
/* End PBXFileReference section */

/* Begin PBXFrameworksBuildPhase section */
		8E8684402872B3500037E6C9 /* Frameworks */ = {
			isa = PBXFrameworksBuildPhase;
			buildActionMask = 2147483647;
			files = (
			);
			runOnlyForDeploymentPostprocessing = 0;
		};
		8E8684522872B3500037E6C9 /* Frameworks */ = {
			isa = PBXFrameworksBuildPhase;
			buildActionMask = 2147483647;
			files = (
			);
			runOnlyForDeploymentPostprocessing = 0;
		};
		8E86845F2872B3500037E6C9 /* Frameworks */ = {
			isa = PBXFrameworksBuildPhase;
			buildActionMask = 2147483647;
			files = (
			);
			runOnlyForDeploymentPostprocessing = 0;
		};
		8E8684692872B3500037E6C9 /* Frameworks */ = {
			isa = PBXFrameworksBuildPhase;
			buildActionMask = 2147483647;
			files = (
			);
			runOnlyForDeploymentPostprocessing = 0;
		};
/* End PBXFrameworksBuildPhase section */

/* Begin PBXGroup section */
		8E86842F2872B34D0037E6C9 = {
			isa = PBXGroup;
			children = (
				8E8684342872B34D0037E6C9 /* Shared (App) */,
				8E86843D2872B3500037E6C9 /* Shared (Extension) */,
				8E8684452872B3500037E6C9 /* iOS (App) */,
				8E8684562872B3500037E6C9 /* macOS (App) */,
				8E8684662872B3500037E6C9 /* iOS (Extension) */,
				8E8684702872B3500037E6C9 /* macOS (Extension) */,
				8E8684442872B3500037E6C9 /* Products */,
			);
			sourceTree = "<group>";
		};
		8E8684342872B34D0037E6C9 /* Shared (App) */ = {
			isa = PBXGroup;
			children = (
				8E86843B2872B34D0037E6C9 /* ViewController.swift */,
				8E86843C2872B3500037E6C9 /* Assets.xcassets */,
				8E8684352872B34D0037E6C9 /* Resources */,
			);
			path = "Shared (App)";
			sourceTree = "<group>";
		};
		8E8684352872B34D0037E6C9 /* Resources */ = {
			isa = PBXGroup;
			children = (
				8E8684362872B34D0037E6C9 /* Main.html */,
				8E8684382872B34D0037E6C9 /* Icon.png */,
				8E8684392872B34D0037E6C9 /* Style.css */,
				8E86843A2872B34D0037E6C9 /* Script.js */,
			);
			path = Resources;
			sourceTree = "<group>";
		};
		8E86843D2872B3500037E6C9 /* Shared (Extension) */ = {
			isa = PBXGroup;
			children = (
				8E8684912872B3510037E6C9 /* Resources */,
				8E86843E2872B3500037E6C9 /* SafariWebExtensionHandler.swift */,
			);
			path = "Shared (Extension)";
			sourceTree = "<group>";
		};
		8E8684442872B3500037E6C9 /* Products */ = {
			isa = PBXGroup;
			children = (
				8E8684432872B3500037E6C9 /* BitgreenWallet.app */,
				8E8684552872B3500037E6C9 /* BitgreenWallet.app */,
				8E8684622872B3500037E6C9 /* BitgreenWallet Extension.appex */,
				8E86846C2872B3500037E6C9 /* BitgreenWallet Extension.appex */,
			);
			name = Products;
			sourceTree = "<group>";
		};
		8E8684452872B3500037E6C9 /* iOS (App) */ = {
			isa = PBXGroup;
			children = (
				8E8684462872B3500037E6C9 /* AppDelegate.swift */,
				8E8684482872B3500037E6C9 /* SceneDelegate.swift */,
				8E86844A2872B3500037E6C9 /* LaunchScreen.storyboard */,
				8E86844D2872B3500037E6C9 /* Main.storyboard */,
				8E8684502872B3500037E6C9 /* Info.plist */,
			);
			path = "iOS (App)";
			sourceTree = "<group>";
		};
		8E8684562872B3500037E6C9 /* macOS (App) */ = {
			isa = PBXGroup;
			children = (
				8E8684572872B3500037E6C9 /* AppDelegate.swift */,
				8E8684592872B3500037E6C9 /* Main.storyboard */,
				8E86845C2872B3500037E6C9 /* Info.plist */,
				8E86845D2872B3500037E6C9 /* BitgreenWallet.entitlements */,
			);
			path = "macOS (App)";
			sourceTree = "<group>";
		};
		8E8684662872B3500037E6C9 /* iOS (Extension) */ = {
			isa = PBXGroup;
			children = (
				8E8684672872B3500037E6C9 /* Info.plist */,
			);
			path = "iOS (Extension)";
			sourceTree = "<group>";
		};
		8E8684702872B3500037E6C9 /* macOS (Extension) */ = {
			isa = PBXGroup;
			children = (
				8E8684712872B3500037E6C9 /* Info.plist */,
				8E8684722872B3500037E6C9 /* BitgreenWallet.entitlements */,
			);
			path = "macOS (Extension)";
			sourceTree = "<group>";
		};
		8E8684912872B3510037E6C9 /* Resources */ = {
			isa = PBXGroup;
			children = (
				271FBF0529B8DB52001D0940 /* 472.js */,
				271FBF0D29B8DB52001D0940 /* assets */,
				271FBF0929B8DB52001D0940 /* background.js */,
				271FBF0629B8DB52001D0940 /* bundles */,
				271FBF0429B8DB52001D0940 /* components */,
				271FBF0A29B8DB52001D0940 /* content.js */,
				271FBF0B29B8DB52001D0940 /* extension.css */,
				271FBF0C29B8DB52001D0940 /* extension.js */,
				271FBF0E29B8DB52001D0940 /* index.html */,
				271FBF0729B8DB52001D0940 /* index.min.js */,
				271FBF0329B8DB52001D0940 /* manifest.json */,
				271FBF0829B8DB52001D0940 /* page.js */,
				8E77E4412875495C0020A55D /* icon.png */,
				8E77E44628754AA80020A55D /* icons */,
			);
			name = Resources;
			path = "Shared (Extension)";
			sourceTree = SOURCE_ROOT;
		};
/* End PBXGroup section */

/* Begin PBXNativeTarget section */
		8E8684422872B3500037E6C9 /* BitgreenWallet (iOS) */ = {
			isa = PBXNativeTarget;
			buildConfigurationList = 8E8684872872B3500037E6C9 /* Build configuration list for PBXNativeTarget "BitgreenWallet (iOS)" */;
			buildPhases = (
				8E86843F2872B3500037E6C9 /* Sources */,
				8E8684402872B3500037E6C9 /* Frameworks */,
				8E8684412872B3500037E6C9 /* Resources */,
				8E8684862872B3500037E6C9 /* Embed App Extensions */,
			);
			buildRules = (
			);
			dependencies = (
				8E8684652872B3500037E6C9 /* PBXTargetDependency */,
			);
			name = "BitgreenWallet (iOS)";
			productName = "BitgreenWallet (iOS)";
			productReference = 8E8684432872B3500037E6C9 /* BitgreenWallet.app */;
			productType = "com.apple.product-type.application";
		};
		8E8684542872B3500037E6C9 /* BitgreenWallet (macOS) */ = {
			isa = PBXNativeTarget;
			buildConfigurationList = 8E86848E2872B3500037E6C9 /* Build configuration list for PBXNativeTarget "BitgreenWallet (macOS)" */;
			buildPhases = (
				8E8684512872B3500037E6C9 /* Sources */,
				8E8684522872B3500037E6C9 /* Frameworks */,
				8E8684532872B3500037E6C9 /* Resources */,
				8E86848D2872B3500037E6C9 /* Embed App Extensions */,
			);
			buildRules = (
			);
			dependencies = (
				8E86846F2872B3500037E6C9 /* PBXTargetDependency */,
			);
			name = "BitgreenWallet (macOS)";
			productName = "BitgreenWallet (macOS)";
			productReference = 8E8684552872B3500037E6C9 /* BitgreenWallet.app */;
			productType = "com.apple.product-type.application";
		};
		8E8684612872B3500037E6C9 /* BitgreenWallet Extension (iOS) */ = {
			isa = PBXNativeTarget;
			buildConfigurationList = 8E8684832872B3500037E6C9 /* Build configuration list for PBXNativeTarget "BitgreenWallet Extension (iOS)" */;
			buildPhases = (
				8E86845E2872B3500037E6C9 /* Sources */,
				8E86845F2872B3500037E6C9 /* Frameworks */,
				8E8684602872B3500037E6C9 /* Resources */,
			);
			buildRules = (
			);
			dependencies = (
			);
			name = "BitgreenWallet Extension (iOS)";
			productName = "BitgreenWallet Extension (iOS)";
			productReference = 8E8684622872B3500037E6C9 /* BitgreenWallet Extension.appex */;
			productType = "com.apple.product-type.app-extension";
		};
		8E86846B2872B3500037E6C9 /* BitgreenWallet Extension (macOS) */ = {
			isa = PBXNativeTarget;
			buildConfigurationList = 8E86848A2872B3500037E6C9 /* Build configuration list for PBXNativeTarget "BitgreenWallet Extension (macOS)" */;
			buildPhases = (
				8E8684682872B3500037E6C9 /* Sources */,
				8E8684692872B3500037E6C9 /* Frameworks */,
				8E86846A2872B3500037E6C9 /* Resources */,
				8EF31D9C28745F0A0069BECA /* ShellScript */,
			);
			buildRules = (
			);
			dependencies = (
			);
			name = "BitgreenWallet Extension (macOS)";
			productName = "BitgreenWallet Extension (macOS)";
			productReference = 8E86846C2872B3500037E6C9 /* BitgreenWallet Extension.appex */;
			productType = "com.apple.product-type.app-extension";
		};
/* End PBXNativeTarget section */

/* Begin PBXProject section */
		8E8684302872B34D0037E6C9 /* Project object */ = {
			isa = PBXProject;
			attributes = {
				BuildIndependentTargetsInParallel = 1;
				LastSwiftUpdateCheck = 1340;
				LastUpgradeCheck = 1340;
				TargetAttributes = {
					8E8684422872B3500037E6C9 = {
						CreatedOnToolsVersion = 13.4.1;
					};
					8E8684542872B3500037E6C9 = {
						CreatedOnToolsVersion = 13.4.1;
					};
					8E8684612872B3500037E6C9 = {
						CreatedOnToolsVersion = 13.4.1;
					};
					8E86846B2872B3500037E6C9 = {
						CreatedOnToolsVersion = 13.4.1;
					};
				};
			};
			buildConfigurationList = 8E8684332872B34D0037E6C9 /* Build configuration list for PBXProject "BitgreenWallet" */;
			compatibilityVersion = "Xcode 13.0";
			developmentRegion = en;
			hasScannedForEncodings = 0;
			knownRegions = (
				en,
				Base,
			);
			mainGroup = 8E86842F2872B34D0037E6C9;
			productRefGroup = 8E8684442872B3500037E6C9 /* Products */;
			projectDirPath = "";
			projectRoot = "";
			targets = (
				8E8684422872B3500037E6C9 /* BitgreenWallet (iOS) */,
				8E8684542872B3500037E6C9 /* BitgreenWallet (macOS) */,
				8E8684612872B3500037E6C9 /* BitgreenWallet Extension (iOS) */,
				8E86846B2872B3500037E6C9 /* BitgreenWallet Extension (macOS) */,
			);
		};
/* End PBXProject section */

/* Begin PBXResourcesBuildPhase section */
		8E8684412872B3500037E6C9 /* Resources */ = {
			isa = PBXResourcesBuildPhase;
			buildActionMask = 2147483647;
			files = (
				271FBF1729B8DB52001D0940 /* 472.js in Resources */,
				271FBF3B29B8DB52001D0940 /* index.html in Resources */,
				8E8684752872B3500037E6C9 /* Icon.png in Resources */,
				271FBF2F29B8DB52001D0940 /* extension.css in Resources */,
				271FBF3329B8DB52001D0940 /* extension.js in Resources */,
				8E86844C2872B3500037E6C9 /* LaunchScreen.storyboard in Resources */,
				8E8684732872B3500037E6C9 /* Main.html in Resources */,
				271FBF1329B8DB52001D0940 /* components in Resources */,
				271FBF2B29B8DB52001D0940 /* content.js in Resources */,
				271FBF3729B8DB52001D0940 /* assets in Resources */,
				8E77E44728754AA80020A55D /* icons in Resources */,
				271FBF0F29B8DB52001D0940 /* manifest.json in Resources */,
				8E8684792872B3500037E6C9 /* Script.js in Resources */,
				8E77E4422875495C0020A55D /* icon.png in Resources */,
				8E86847D2872B3500037E6C9 /* Assets.xcassets in Resources */,
				8E86844F2872B3500037E6C9 /* Main.storyboard in Resources */,
				271FBF1B29B8DB52001D0940 /* bundles in Resources */,
				8E8684772872B3500037E6C9 /* Style.css in Resources */,
				271FBF1F29B8DB52001D0940 /* index.min.js in Resources */,
				271FBF2729B8DB52001D0940 /* background.js in Resources */,
				271FBF2329B8DB52001D0940 /* page.js in Resources */,
			);
			runOnlyForDeploymentPostprocessing = 0;
		};
		8E8684532872B3500037E6C9 /* Resources */ = {
			isa = PBXResourcesBuildPhase;
			buildActionMask = 2147483647;
			files = (
				271FBF3C29B8DB52001D0940 /* index.html in Resources */,
				271FBF3429B8DB52001D0940 /* extension.js in Resources */,
				8E8684762872B3500037E6C9 /* Icon.png in Resources */,
				271FBF1429B8DB52001D0940 /* components in Resources */,
				8E77E44828754AA80020A55D /* icons in Resources */,
				271FBF2029B8DB52001D0940 /* index.min.js in Resources */,
				271FBF3829B8DB52001D0940 /* assets in Resources */,
				271FBF1C29B8DB52001D0940 /* bundles in Resources */,
				271FBF1029B8DB52001D0940 /* manifest.json in Resources */,
				271FBF2429B8DB52001D0940 /* page.js in Resources */,
				271FBF3029B8DB52001D0940 /* extension.css in Resources */,
				8E77E4432875495C0020A55D /* icon.png in Resources */,
				271FBF2829B8DB52001D0940 /* background.js in Resources */,
				8E8684782872B3500037E6C9 /* Style.css in Resources */,
				8E86845B2872B3500037E6C9 /* Main.storyboard in Resources */,
				8E86847A2872B3500037E6C9 /* Script.js in Resources */,
				8E86847E2872B3500037E6C9 /* Assets.xcassets in Resources */,
				271FBF2C29B8DB52001D0940 /* content.js in Resources */,
				271FBF1829B8DB52001D0940 /* 472.js in Resources */,
				8E8684742872B3500037E6C9 /* Main.html in Resources */,
			);
			runOnlyForDeploymentPostprocessing = 0;
		};
		8E8684602872B3500037E6C9 /* Resources */ = {
			isa = PBXResourcesBuildPhase;
			buildActionMask = 2147483647;
			files = (
				271FBF3D29B8DB52001D0940 /* index.html in Resources */,
				271FBF2529B8DB52001D0940 /* page.js in Resources */,
				271FBF3129B8DB52001D0940 /* extension.css in Resources */,
				271FBF2D29B8DB52001D0940 /* content.js in Resources */,
				271FBF1129B8DB52001D0940 /* manifest.json in Resources */,
				271FBF2129B8DB52001D0940 /* index.min.js in Resources */,
				8E77E4442875495C0020A55D /* icon.png in Resources */,
				271FBF2929B8DB52001D0940 /* background.js in Resources */,
				8E77E44928754AA80020A55D /* icons in Resources */,
				271FBF3929B8DB52001D0940 /* assets in Resources */,
				271FBF1929B8DB52001D0940 /* 472.js in Resources */,
				271FBF1D29B8DB52001D0940 /* bundles in Resources */,
				271FBF3529B8DB52001D0940 /* extension.js in Resources */,
				271FBF1529B8DB52001D0940 /* components in Resources */,
			);
			runOnlyForDeploymentPostprocessing = 0;
		};
		8E86846A2872B3500037E6C9 /* Resources */ = {
			isa = PBXResourcesBuildPhase;
			buildActionMask = 2147483647;
			files = (
				271FBF3E29B8DB52001D0940 /* index.html in Resources */,
				271FBF2629B8DB52001D0940 /* page.js in Resources */,
				271FBF3229B8DB52001D0940 /* extension.css in Resources */,
				271FBF2E29B8DB52001D0940 /* content.js in Resources */,
				271FBF1229B8DB52001D0940 /* manifest.json in Resources */,
				271FBF2229B8DB52001D0940 /* index.min.js in Resources */,
				8E77E4452875495C0020A55D /* icon.png in Resources */,
				271FBF2A29B8DB52001D0940 /* background.js in Resources */,
				8E77E44A28754AA80020A55D /* icons in Resources */,
				271FBF3A29B8DB52001D0940 /* assets in Resources */,
				271FBF1A29B8DB52001D0940 /* 472.js in Resources */,
				271FBF1E29B8DB52001D0940 /* bundles in Resources */,
				271FBF3629B8DB52001D0940 /* extension.js in Resources */,
				271FBF1629B8DB52001D0940 /* components in Resources */,
			);
			runOnlyForDeploymentPostprocessing = 0;
		};
/* End PBXResourcesBuildPhase section */

/* Begin PBXShellScriptBuildPhase section */
		8EF31D9C28745F0A0069BECA /* ShellScript */ = {
			isa = PBXShellScriptBuildPhase;
			buildActionMask = 2147483647;
			files = (
			);
			inputFileListPaths = (
			);
			inputPaths = (
			);
			outputFileListPaths = (
			);
			outputPaths = (
			);
			runOnlyForDeploymentPostprocessing = 0;
			shellPath = /bin/sh;
			shellScript = "# Type a script or drag a script file from your workspace to insert its path.\nxattr -cr ~/Library/Developer/Xcode/DerivedData || echo Clear\n";
		};
/* End PBXShellScriptBuildPhase section */

/* Begin PBXSourcesBuildPhase section */
		8E86843F2872B3500037E6C9 /* Sources */ = {
			isa = PBXSourcesBuildPhase;
			buildActionMask = 2147483647;
			files = (
				8E86847B2872B3500037E6C9 /* ViewController.swift in Sources */,
				8E8684472872B3500037E6C9 /* AppDelegate.swift in Sources */,
				8E8684492872B3500037E6C9 /* SceneDelegate.swift in Sources */,
			);
			runOnlyForDeploymentPostprocessing = 0;
		};
		8E8684512872B3500037E6C9 /* Sources */ = {
			isa = PBXSourcesBuildPhase;
			buildActionMask = 2147483647;
			files = (
				8E86847C2872B3500037E6C9 /* ViewController.swift in Sources */,
				8E8684582872B3500037E6C9 /* AppDelegate.swift in Sources */,
			);
			runOnlyForDeploymentPostprocessing = 0;
		};
		8E86845E2872B3500037E6C9 /* Sources */ = {
			isa = PBXSourcesBuildPhase;
			buildActionMask = 2147483647;
			files = (
				8E86847F2872B3500037E6C9 /* SafariWebExtensionHandler.swift in Sources */,
			);
			runOnlyForDeploymentPostprocessing = 0;
		};
		8E8684682872B3500037E6C9 /* Sources */ = {
			isa = PBXSourcesBuildPhase;
			buildActionMask = 2147483647;
			files = (
				8E8684802872B3500037E6C9 /* SafariWebExtensionHandler.swift in Sources */,
			);
			runOnlyForDeploymentPostprocessing = 0;
		};
/* End PBXSourcesBuildPhase section */

/* Begin PBXTargetDependency section */
		8E8684652872B3500037E6C9 /* PBXTargetDependency */ = {
			isa = PBXTargetDependency;
			target = 8E8684612872B3500037E6C9 /* BitgreenWallet Extension (iOS) */;
			targetProxy = 8E8684642872B3500037E6C9 /* PBXContainerItemProxy */;
		};
		8E86846F2872B3500037E6C9 /* PBXTargetDependency */ = {
			isa = PBXTargetDependency;
			target = 8E86846B2872B3500037E6C9 /* BitgreenWallet Extension (macOS) */;
			targetProxy = 8E86846E2872B3500037E6C9 /* PBXContainerItemProxy */;
		};
/* End PBXTargetDependency section */

/* Begin PBXVariantGroup section */
		8E8684362872B34D0037E6C9 /* Main.html */ = {
			isa = PBXVariantGroup;
			children = (
				8E8684372872B34D0037E6C9 /* Base */,
			);
			name = Main.html;
			sourceTree = "<group>";
		};
		8E86844A2872B3500037E6C9 /* LaunchScreen.storyboard */ = {
			isa = PBXVariantGroup;
			children = (
				8E86844B2872B3500037E6C9 /* Base */,
			);
			name = LaunchScreen.storyboard;
			sourceTree = "<group>";
		};
		8E86844D2872B3500037E6C9 /* Main.storyboard */ = {
			isa = PBXVariantGroup;
			children = (
				8E86844E2872B3500037E6C9 /* Base */,
			);
			name = Main.storyboard;
			sourceTree = "<group>";
		};
		8E8684592872B3500037E6C9 /* Main.storyboard */ = {
			isa = PBXVariantGroup;
			children = (
				8E86845A2872B3500037E6C9 /* Base */,
			);
			name = Main.storyboard;
			sourceTree = "<group>";
		};
/* End PBXVariantGroup section */

/* Begin XCBuildConfiguration section */
		8E8684812872B3500037E6C9 /* Debug */ = {
			isa = XCBuildConfiguration;
			buildSettings = {
				ALWAYS_SEARCH_USER_PATHS = NO;
				CLANG_ANALYZER_NONNULL = YES;
				CLANG_ANALYZER_NUMBER_OBJECT_CONVERSION = YES_AGGRESSIVE;
				CLANG_CXX_LANGUAGE_STANDARD = "gnu++17";
				CLANG_ENABLE_MODULES = YES;
				CLANG_ENABLE_OBJC_ARC = YES;
				CLANG_ENABLE_OBJC_WEAK = YES;
				CLANG_WARN_BLOCK_CAPTURE_AUTORELEASING = YES;
				CLANG_WARN_BOOL_CONVERSION = YES;
				CLANG_WARN_COMMA = YES;
				CLANG_WARN_CONSTANT_CONVERSION = YES;
				CLANG_WARN_DEPRECATED_OBJC_IMPLEMENTATIONS = YES;
				CLANG_WARN_DIRECT_OBJC_ISA_USAGE = YES_ERROR;
				CLANG_WARN_DOCUMENTATION_COMMENTS = YES;
				CLANG_WARN_EMPTY_BODY = YES;
				CLANG_WARN_ENUM_CONVERSION = YES;
				CLANG_WARN_INFINITE_RECURSION = YES;
				CLANG_WARN_INT_CONVERSION = YES;
				CLANG_WARN_NON_LITERAL_NULL_CONVERSION = YES;
				CLANG_WARN_OBJC_IMPLICIT_RETAIN_SELF = YES;
				CLANG_WARN_OBJC_LITERAL_CONVERSION = YES;
				CLANG_WARN_OBJC_ROOT_CLASS = YES_ERROR;
				CLANG_WARN_QUOTED_INCLUDE_IN_FRAMEWORK_HEADER = YES;
				CLANG_WARN_RANGE_LOOP_ANALYSIS = YES;
				CLANG_WARN_STRICT_PROTOTYPES = YES;
				CLANG_WARN_SUSPICIOUS_MOVE = YES;
				CLANG_WARN_UNGUARDED_AVAILABILITY = YES_AGGRESSIVE;
				CLANG_WARN_UNREACHABLE_CODE = YES;
				CLANG_WARN__DUPLICATE_METHOD_MATCH = YES;
				COPY_PHASE_STRIP = NO;
				DEBUG_INFORMATION_FORMAT = dwarf;
				ENABLE_STRICT_OBJC_MSGSEND = YES;
				ENABLE_TESTABILITY = YES;
				GCC_C_LANGUAGE_STANDARD = gnu11;
				GCC_DYNAMIC_NO_PIC = NO;
				GCC_NO_COMMON_BLOCKS = YES;
				GCC_OPTIMIZATION_LEVEL = 0;
				GCC_PREPROCESSOR_DEFINITIONS = (
					"DEBUG=1",
					"$(inherited)",
				);
				GCC_WARN_64_TO_32_BIT_CONVERSION = YES;
				GCC_WARN_ABOUT_RETURN_TYPE = YES_ERROR;
				GCC_WARN_UNDECLARED_SELECTOR = YES;
				GCC_WARN_UNINITIALIZED_AUTOS = YES_AGGRESSIVE;
				GCC_WARN_UNUSED_FUNCTION = YES;
				GCC_WARN_UNUSED_VARIABLE = YES;
				MTL_ENABLE_DEBUG_INFO = INCLUDE_SOURCE;
				MTL_FAST_MATH = YES;
				ONLY_ACTIVE_ARCH = NO;
				SWIFT_ACTIVE_COMPILATION_CONDITIONS = DEBUG;
				SWIFT_OPTIMIZATION_LEVEL = "-Onone";
			};
			name = Debug;
		};
		8E8684822872B3500037E6C9 /* Release */ = {
			isa = XCBuildConfiguration;
			buildSettings = {
				ALWAYS_SEARCH_USER_PATHS = NO;
				CLANG_ANALYZER_NONNULL = YES;
				CLANG_ANALYZER_NUMBER_OBJECT_CONVERSION = YES_AGGRESSIVE;
				CLANG_CXX_LANGUAGE_STANDARD = "gnu++17";
				CLANG_ENABLE_MODULES = YES;
				CLANG_ENABLE_OBJC_ARC = YES;
				CLANG_ENABLE_OBJC_WEAK = YES;
				CLANG_WARN_BLOCK_CAPTURE_AUTORELEASING = YES;
				CLANG_WARN_BOOL_CONVERSION = YES;
				CLANG_WARN_COMMA = YES;
				CLANG_WARN_CONSTANT_CONVERSION = YES;
				CLANG_WARN_DEPRECATED_OBJC_IMPLEMENTATIONS = YES;
				CLANG_WARN_DIRECT_OBJC_ISA_USAGE = YES_ERROR;
				CLANG_WARN_DOCUMENTATION_COMMENTS = YES;
				CLANG_WARN_EMPTY_BODY = YES;
				CLANG_WARN_ENUM_CONVERSION = YES;
				CLANG_WARN_INFINITE_RECURSION = YES;
				CLANG_WARN_INT_CONVERSION = YES;
				CLANG_WARN_NON_LITERAL_NULL_CONVERSION = YES;
				CLANG_WARN_OBJC_IMPLICIT_RETAIN_SELF = YES;
				CLANG_WARN_OBJC_LITERAL_CONVERSION = YES;
				CLANG_WARN_OBJC_ROOT_CLASS = YES_ERROR;
				CLANG_WARN_QUOTED_INCLUDE_IN_FRAMEWORK_HEADER = YES;
				CLANG_WARN_RANGE_LOOP_ANALYSIS = YES;
				CLANG_WARN_STRICT_PROTOTYPES = YES;
				CLANG_WARN_SUSPICIOUS_MOVE = YES;
				CLANG_WARN_UNGUARDED_AVAILABILITY = YES_AGGRESSIVE;
				CLANG_WARN_UNREACHABLE_CODE = YES;
				CLANG_WARN__DUPLICATE_METHOD_MATCH = YES;
				COPY_PHASE_STRIP = NO;
				DEBUG_INFORMATION_FORMAT = "dwarf-with-dsym";
				ENABLE_NS_ASSERTIONS = NO;
				ENABLE_STRICT_OBJC_MSGSEND = YES;
				GCC_C_LANGUAGE_STANDARD = gnu11;
				GCC_NO_COMMON_BLOCKS = YES;
				GCC_WARN_64_TO_32_BIT_CONVERSION = YES;
				GCC_WARN_ABOUT_RETURN_TYPE = YES_ERROR;
				GCC_WARN_UNDECLARED_SELECTOR = YES;
				GCC_WARN_UNINITIALIZED_AUTOS = YES_AGGRESSIVE;
				GCC_WARN_UNUSED_FUNCTION = YES;
				GCC_WARN_UNUSED_VARIABLE = YES;
				MTL_ENABLE_DEBUG_INFO = NO;
				MTL_FAST_MATH = YES;
				ONLY_ACTIVE_ARCH = NO;
				SWIFT_COMPILATION_MODE = wholemodule;
				SWIFT_OPTIMIZATION_LEVEL = "-O";
			};
			name = Release;
		};
		8E8684842872B3500037E6C9 /* Debug */ = {
			isa = XCBuildConfiguration;
			buildSettings = {
				CODE_SIGN_STYLE = Automatic;
				CURRENT_PROJECT_VERSION = 1;
				DEVELOPMENT_TEAM = 554R43WPXX;
				GENERATE_INFOPLIST_FILE = YES;
				INFOPLIST_FILE = "iOS (Extension)/Info.plist";
				INFOPLIST_KEY_CFBundleDisplayName = "BitgreenWallet Extension";
				INFOPLIST_KEY_NSHumanReadableCopyright = "";
				IPHONEOS_DEPLOYMENT_TARGET = 15.0;
				LD_RUNPATH_SEARCH_PATHS = (
					"$(inherited)",
					"@executable_path/Frameworks",
					"@executable_path/../../Frameworks",
				);
				MARKETING_VERSION = 1.0;
				OTHER_LDFLAGS = (
					"-framework",
					SafariServices,
				);
				PRODUCT_BUNDLE_IDENTIFIER = "org.bitgreen.browser-wallet1.Extension";
				PRODUCT_NAME = "BitgreenWallet Extension";
				SDKROOT = iphoneos;
				SKIP_INSTALL = YES;
				SWIFT_EMIT_LOC_STRINGS = YES;
				SWIFT_VERSION = 5.0;
				TARGETED_DEVICE_FAMILY = "1,2";
			};
			name = Debug;
		};
		8E8684852872B3500037E6C9 /* Release */ = {
			isa = XCBuildConfiguration;
			buildSettings = {
				CODE_SIGN_STYLE = Automatic;
				CURRENT_PROJECT_VERSION = 1;
				DEVELOPMENT_TEAM = 554R43WPXX;
				GENERATE_INFOPLIST_FILE = YES;
				INFOPLIST_FILE = "iOS (Extension)/Info.plist";
				INFOPLIST_KEY_CFBundleDisplayName = "BitgreenWallet Extension";
				INFOPLIST_KEY_NSHumanReadableCopyright = "";
				IPHONEOS_DEPLOYMENT_TARGET = 15.0;
				LD_RUNPATH_SEARCH_PATHS = (
					"$(inherited)",
					"@executable_path/Frameworks",
					"@executable_path/../../Frameworks",
				);
				MARKETING_VERSION = 1.0;
				OTHER_LDFLAGS = (
					"-framework",
					SafariServices,
				);
				PRODUCT_BUNDLE_IDENTIFIER = "org.bitgreen.browser-wallet1.Extension";
				PRODUCT_NAME = "BitgreenWallet Extension";
				SDKROOT = iphoneos;
				SKIP_INSTALL = YES;
				SWIFT_EMIT_LOC_STRINGS = YES;
				SWIFT_VERSION = 5.0;
				TARGETED_DEVICE_FAMILY = "1,2";
				VALIDATE_PRODUCT = YES;
			};
			name = Release;
		};
		8E8684882872B3500037E6C9 /* Debug */ = {
			isa = XCBuildConfiguration;
			buildSettings = {
				ALWAYS_EMBED_SWIFT_STANDARD_LIBRARIES = YES;
				ASSETCATALOG_COMPILER_APPICON_NAME = AppIcon;
				ASSETCATALOG_COMPILER_GLOBAL_ACCENT_COLOR_NAME = AccentColor;
				CODE_SIGN_STYLE = Automatic;
				CURRENT_PROJECT_VERSION = 1;
				DEVELOPMENT_TEAM = 554R43WPXX;
				GENERATE_INFOPLIST_FILE = YES;
				INFOPLIST_FILE = "iOS (App)/Info.plist";
				INFOPLIST_KEY_CFBundleDisplayName = BitgreenWallet;
				INFOPLIST_KEY_UIApplicationSupportsIndirectInputEvents = YES;
				INFOPLIST_KEY_UILaunchStoryboardName = LaunchScreen;
				INFOPLIST_KEY_UIMainStoryboardFile = Main;
				INFOPLIST_KEY_UISupportedInterfaceOrientations = "UIInterfaceOrientationPortrait UIInterfaceOrientationLandscapeLeft UIInterfaceOrientationLandscapeRight";
				INFOPLIST_KEY_UISupportedInterfaceOrientations_iPad = "UIInterfaceOrientationPortrait UIInterfaceOrientationPortraitUpsideDown UIInterfaceOrientationLandscapeLeft UIInterfaceOrientationLandscapeRight";
				IPHONEOS_DEPLOYMENT_TARGET = 15.0;
				LD_RUNPATH_SEARCH_PATHS = (
					"$(inherited)",
					"@executable_path/Frameworks",
				);
				MARKETING_VERSION = 1.0;
				OTHER_LDFLAGS = (
					"-framework",
					SafariServices,
					"-framework",
					WebKit,
				);
				PRODUCT_BUNDLE_IDENTIFIER = "org.bitgreen.browser-wallet1";
				PRODUCT_NAME = BitgreenWallet;
				SDKROOT = iphoneos;
				SWIFT_EMIT_LOC_STRINGS = YES;
				SWIFT_VERSION = 5.0;
				TARGETED_DEVICE_FAMILY = "1,2";
			};
			name = Debug;
		};
		8E8684892872B3500037E6C9 /* Release */ = {
			isa = XCBuildConfiguration;
			buildSettings = {
				ALWAYS_EMBED_SWIFT_STANDARD_LIBRARIES = YES;
				ASSETCATALOG_COMPILER_APPICON_NAME = AppIcon;
				ASSETCATALOG_COMPILER_GLOBAL_ACCENT_COLOR_NAME = AccentColor;
				CODE_SIGN_STYLE = Automatic;
				CURRENT_PROJECT_VERSION = 1;
				DEVELOPMENT_TEAM = 554R43WPXX;
				GENERATE_INFOPLIST_FILE = YES;
				INFOPLIST_FILE = "iOS (App)/Info.plist";
				INFOPLIST_KEY_CFBundleDisplayName = BitgreenWallet;
				INFOPLIST_KEY_UIApplicationSupportsIndirectInputEvents = YES;
				INFOPLIST_KEY_UILaunchStoryboardName = LaunchScreen;
				INFOPLIST_KEY_UIMainStoryboardFile = Main;
				INFOPLIST_KEY_UISupportedInterfaceOrientations = "UIInterfaceOrientationPortrait UIInterfaceOrientationLandscapeLeft UIInterfaceOrientationLandscapeRight";
				INFOPLIST_KEY_UISupportedInterfaceOrientations_iPad = "UIInterfaceOrientationPortrait UIInterfaceOrientationPortraitUpsideDown UIInterfaceOrientationLandscapeLeft UIInterfaceOrientationLandscapeRight";
				IPHONEOS_DEPLOYMENT_TARGET = 15.0;
				LD_RUNPATH_SEARCH_PATHS = (
					"$(inherited)",
					"@executable_path/Frameworks",
				);
				MARKETING_VERSION = 1.0;
				OTHER_LDFLAGS = (
					"-framework",
					SafariServices,
					"-framework",
					WebKit,
				);
				PRODUCT_BUNDLE_IDENTIFIER = "org.bitgreen.browser-wallet1";
				PRODUCT_NAME = BitgreenWallet;
				SDKROOT = iphoneos;
				SWIFT_EMIT_LOC_STRINGS = YES;
				SWIFT_VERSION = 5.0;
				TARGETED_DEVICE_FAMILY = "1,2";
				VALIDATE_PRODUCT = YES;
			};
			name = Release;
		};
		8E86848B2872B3500037E6C9 /* Debug */ = {
			isa = XCBuildConfiguration;
			buildSettings = {
				ALLOW_TARGET_PLATFORM_SPECIALIZATION = YES;
				CODE_SIGN_ENTITLEMENTS = "macOS (Extension)/BitgreenWallet.entitlements";
				CODE_SIGN_IDENTITY = "Apple Development";
				CODE_SIGN_STYLE = Automatic;
				CURRENT_PROJECT_VERSION = 1;
				DEVELOPMENT_TEAM = 554R43WPXX;
				ENABLE_HARDENED_RUNTIME = YES;
				GENERATE_INFOPLIST_FILE = YES;
				INFOPLIST_FILE = "macOS (Extension)/Info.plist";
				INFOPLIST_KEY_CFBundleDisplayName = "BitgreenWallet Extension";
				INFOPLIST_KEY_NSHumanReadableCopyright = "";
				LD_RUNPATH_SEARCH_PATHS = (
					"$(inherited)",
					"@executable_path/../Frameworks",
					"@executable_path/../../../../Frameworks",
				);
				MACOSX_DEPLOYMENT_TARGET = 10.14;
				MARKETING_VERSION = 1.0;
				OTHER_LDFLAGS = (
					"-framework",
					SafariServices,
				);
				PRODUCT_BUNDLE_IDENTIFIER = "org.bitgreen.browser-wallet1.Extension";
				PRODUCT_NAME = "BitgreenWallet Extension";
				PROVISIONING_PROFILE_SPECIFIER = "";
				SDKROOT = macosx;
				SKIP_INSTALL = YES;
				SUPPORTED_PLATFORMS = "watchsimulator watchos macosx iphonesimulator iphoneos driverkit appletvsimulator appletvos";
				SUPPORTS_MACCATALYST = YES;
				SWIFT_EMIT_LOC_STRINGS = YES;
				SWIFT_VERSION = 5.0;
			};
			name = Debug;
		};
		8E86848C2872B3500037E6C9 /* Release */ = {
			isa = XCBuildConfiguration;
			buildSettings = {
				ALLOW_TARGET_PLATFORM_SPECIALIZATION = YES;
				CODE_SIGN_ENTITLEMENTS = "macOS (Extension)/BitgreenWallet.entitlements";
				CODE_SIGN_IDENTITY = "Apple Development";
				CODE_SIGN_STYLE = Automatic;
				CURRENT_PROJECT_VERSION = 1;
				DEVELOPMENT_TEAM = 554R43WPXX;
				ENABLE_HARDENED_RUNTIME = YES;
				GENERATE_INFOPLIST_FILE = YES;
				INFOPLIST_FILE = "macOS (Extension)/Info.plist";
				INFOPLIST_KEY_CFBundleDisplayName = "BitgreenWallet Extension";
				INFOPLIST_KEY_NSHumanReadableCopyright = "";
				LD_RUNPATH_SEARCH_PATHS = (
					"$(inherited)",
					"@executable_path/../Frameworks",
					"@executable_path/../../../../Frameworks",
				);
				MACOSX_DEPLOYMENT_TARGET = 10.14;
				MARKETING_VERSION = 1.0;
				OTHER_LDFLAGS = (
					"-framework",
					SafariServices,
				);
				PRODUCT_BUNDLE_IDENTIFIER = "org.bitgreen.browser-wallet1.Extension";
				PRODUCT_NAME = "BitgreenWallet Extension";
				PROVISIONING_PROFILE_SPECIFIER = "";
				SDKROOT = macosx;
				SKIP_INSTALL = YES;
				SUPPORTED_PLATFORMS = "watchsimulator watchos macosx iphonesimulator iphoneos driverkit appletvsimulator appletvos";
				SUPPORTS_MACCATALYST = YES;
				SWIFT_EMIT_LOC_STRINGS = YES;
				SWIFT_VERSION = 5.0;
			};
			name = Release;
		};
		8E86848F2872B3500037E6C9 /* Debug */ = {
			isa = XCBuildConfiguration;
			buildSettings = {
				ALWAYS_EMBED_SWIFT_STANDARD_LIBRARIES = YES;
				ARCHS = "$(ARCHS_STANDARD)";
				ASSETCATALOG_COMPILER_APPICON_NAME = AppIcon;
				ASSETCATALOG_COMPILER_GLOBAL_ACCENT_COLOR_NAME = AccentColor;
				CODE_SIGN_ENTITLEMENTS = "macOS (App)/BitgreenWallet.entitlements";
				CODE_SIGN_IDENTITY = "Apple Development";
				CODE_SIGN_STYLE = Automatic;
				CURRENT_PROJECT_VERSION = 1;
				DEVELOPMENT_TEAM = 554R43WPXX;
				ENABLE_HARDENED_RUNTIME = YES;
				GENERATE_INFOPLIST_FILE = YES;
				INFOPLIST_FILE = "macOS (App)/Info.plist";
				INFOPLIST_KEY_CFBundleDisplayName = BitgreenWallet;
				INFOPLIST_KEY_NSMainStoryboardFile = Main;
				INFOPLIST_KEY_NSPrincipalClass = NSApplication;
				LD_RUNPATH_SEARCH_PATHS = (
					"$(inherited)",
					"@executable_path/../Frameworks",
				);
				MACOSX_DEPLOYMENT_TARGET = 10.15;
				MARKETING_VERSION = 1.0;
				OTHER_LDFLAGS = (
					"-framework",
					SafariServices,
					"-framework",
					WebKit,
				);
				PRODUCT_BUNDLE_IDENTIFIER = "org.bitgreen.browser-wallet1";
				PRODUCT_NAME = BitgreenWallet;
				SDKROOT = macosx;
				SWIFT_EMIT_LOC_STRINGS = YES;
				SWIFT_VERSION = 5.0;
			};
			name = Debug;
		};
		8E8684902872B3500037E6C9 /* Release */ = {
			isa = XCBuildConfiguration;
			buildSettings = {
				ALWAYS_EMBED_SWIFT_STANDARD_LIBRARIES = YES;
				ARCHS = "$(ARCHS_STANDARD)";
				ASSETCATALOG_COMPILER_APPICON_NAME = AppIcon;
				ASSETCATALOG_COMPILER_GLOBAL_ACCENT_COLOR_NAME = AccentColor;
				CODE_SIGN_ENTITLEMENTS = "macOS (App)/BitgreenWallet.entitlements";
				CODE_SIGN_IDENTITY = "Apple Development";
				CODE_SIGN_STYLE = Automatic;
				CURRENT_PROJECT_VERSION = 1;
				DEVELOPMENT_TEAM = 554R43WPXX;
				ENABLE_HARDENED_RUNTIME = YES;
				GENERATE_INFOPLIST_FILE = YES;
				INFOPLIST_FILE = "macOS (App)/Info.plist";
				INFOPLIST_KEY_CFBundleDisplayName = BitgreenWallet;
				INFOPLIST_KEY_NSMainStoryboardFile = Main;
				INFOPLIST_KEY_NSPrincipalClass = NSApplication;
				LD_RUNPATH_SEARCH_PATHS = (
					"$(inherited)",
					"@executable_path/../Frameworks",
				);
				MACOSX_DEPLOYMENT_TARGET = 10.15;
				MARKETING_VERSION = 1.0;
				OTHER_LDFLAGS = (
					"-framework",
					SafariServices,
					"-framework",
					WebKit,
				);
				PRODUCT_BUNDLE_IDENTIFIER = "org.bitgreen.browser-wallet1";
				PRODUCT_NAME = BitgreenWallet;
				SDKROOT = macosx;
				SWIFT_EMIT_LOC_STRINGS = YES;
				SWIFT_VERSION = 5.0;
			};
			name = Release;
		};
/* End XCBuildConfiguration section */

/* Begin XCConfigurationList section */
		8E8684332872B34D0037E6C9 /* Build configuration list for PBXProject "BitgreenWallet" */ = {
			isa = XCConfigurationList;
			buildConfigurations = (
				8E8684812872B3500037E6C9 /* Debug */,
				8E8684822872B3500037E6C9 /* Release */,
			);
			defaultConfigurationIsVisible = 0;
			defaultConfigurationName = Release;
		};
		8E8684832872B3500037E6C9 /* Build configuration list for PBXNativeTarget "BitgreenWallet Extension (iOS)" */ = {
			isa = XCConfigurationList;
			buildConfigurations = (
				8E8684842872B3500037E6C9 /* Debug */,
				8E8684852872B3500037E6C9 /* Release */,
			);
			defaultConfigurationIsVisible = 0;
			defaultConfigurationName = Release;
		};
		8E8684872872B3500037E6C9 /* Build configuration list for PBXNativeTarget "BitgreenWallet (iOS)" */ = {
			isa = XCConfigurationList;
			buildConfigurations = (
				8E8684882872B3500037E6C9 /* Debug */,
				8E8684892872B3500037E6C9 /* Release */,
			);
			defaultConfigurationIsVisible = 0;
			defaultConfigurationName = Release;
		};
		8E86848A2872B3500037E6C9 /* Build configuration list for PBXNativeTarget "BitgreenWallet Extension (macOS)" */ = {
			isa = XCConfigurationList;
			buildConfigurations = (
				8E86848B2872B3500037E6C9 /* Debug */,
				8E86848C2872B3500037E6C9 /* Release */,
			);
			defaultConfigurationIsVisible = 0;
			defaultConfigurationName = Release;
		};
		8E86848E2872B3500037E6C9 /* Build configuration list for PBXNativeTarget "BitgreenWallet (macOS)" */ = {
			isa = XCConfigurationList;
			buildConfigurations = (
				8E86848F2872B3500037E6C9 /* Debug */,
				8E8684902872B3500037E6C9 /* Release */,
			);
			defaultConfigurationIsVisible = 0;
			defaultConfigurationName = Release;
		};
/* End XCConfigurationList section */
	};
	rootObject = 8E8684302872B34D0037E6C9 /* Project object */;
}
